
Microsoft Visual Studio Solution File, Format Version 12.00
# Visual Studio Version 17
VisualStudioVersion = 17.5.002.0
MinimumVisualStudioVersion = 10.0.40219.1
Project("{9A19103F-16F7-4668-BE54-9A1E7A4F7556}") = "Context", "Context\Context.csproj", "{832DD0EF-1E68-40CB-8FC9-2A3B6416E61D}"
EndProject
Project("{9A19103F-16F7-4668-BE54-9A1E7A4F7556}") = "Models", "Models\Models.csproj", "{AB081F7C-2165-47DE-AA27-7B976BF47209}"
EndProject
Project("{9A19103F-16F7-4668-BE54-9A1E7A4F7556}") = "PL", "PL\PL.csproj", "{C2BEB36A-5F1D-4223-9411-74F00979AD66}"
EndProject
Project("{9A19103F-16F7-4668-BE54-9A1E7A4F7556}") = "Application", "Application\Application.csproj", "{D0317B7C-BC4F-410E-8A6F-60F608494EB3}"
EndProject
Project("{9A19103F-16F7-4668-BE54-9A1E7A4F7556}") = "IRepositories", "IRepositories\IRepositories.csproj", "{8F560B08-5A84-4F38-B053-11F7EF55288D}"
EndProject
Project("{9A19103F-16F7-4668-BE54-9A1E7A4F7556}") = "Repositories", "Repositories\Repositories.csproj", "{C7A4F25E-A718-40BF-9A15-D7908885DE1C}"
EndProject
Global
	GlobalSection(SolutionConfigurationPlatforms) = preSolution
		Debug|Any CPU = Debug|Any CPU
		Release|Any CPU = Release|Any CPU
	EndGlobalSection
	GlobalSection(ProjectConfigurationPlatforms) = postSolution
		{832DD0EF-1E68-40CB-8FC9-2A3B6416E61D}.Debug|Any CPU.ActiveCfg = Debug|Any CPU
		{832DD0EF-1E68-40CB-8FC9-2A3B6416E61D}.Debug|Any CPU.Build.0 = Debug|Any CPU
		{832DD0EF-1E68-40CB-8FC9-2A3B6416E61D}.Release|Any CPU.ActiveCfg = Release|Any CPU
		{832DD0EF-1E68-40CB-8FC9-2A3B6416E61D}.Release|Any CPU.Build.0 = Release|Any CPU
		{AB081F7C-2165-47DE-AA27-7B976BF47209}.Debug|Any CPU.ActiveCfg = Debug|Any CPU
		{AB081F7C-2165-47DE-AA27-7B976BF47209}.Debug|Any CPU.Build.0 = Debug|Any CPU
		{AB081F7C-2165-47DE-AA27-7B976BF47209}.Release|Any CPU.ActiveCfg = Release|Any CPU
		{AB081F7C-2165-47DE-AA27-7B976BF47209}.Release|Any CPU.Build.0 = Release|Any CPU
		{C2BEB36A-5F1D-4223-9411-74F00979AD66}.Debug|Any CPU.ActiveCfg = Debug|Any CPU
		{C2BEB36A-5F1D-4223-9411-74F00979AD66}.Debug|Any CPU.Build.0 = Debug|Any CPU
		{C2BEB36A-5F1D-4223-9411-74F00979AD66}.Release|Any CPU.ActiveCfg = Release|Any CPU
		{C2BEB36A-5F1D-4223-9411-74F00979AD66}.Release|Any CPU.Build.0 = Release|Any CPU
		{D0317B7C-BC4F-410E-8A6F-60F608494EB3}.Debug|Any CPU.ActiveCfg = Debug|Any CPU
		{D0317B7C-BC4F-410E-8A6F-60F608494EB3}.Debug|Any CPU.Build.0 = Debug|Any CPU
		{D0317B7C-BC4F-410E-8A6F-60F608494EB3}.Release|Any CPU.ActiveCfg = Release|Any CPU
		{D0317B7C-BC4F-410E-8A6F-60F608494EB3}.Release|Any CPU.Build.0 = Release|Any CPU
		{8F560B08-5A84-4F38-B053-11F7EF55288D}.Debug|Any CPU.ActiveCfg = Debug|Any CPU
		{8F560B08-5A84-4F38-B053-11F7EF55288D}.Debug|Any CPU.Build.0 = Debug|Any CPU
		{8F560B08-5A84-4F38-B053-11F7EF55288D}.Release|Any CPU.ActiveCfg = Release|Any CPU
		{8F560B08-5A84-4F38-B053-11F7EF55288D}.Release|Any CPU.Build.0 = Release|Any CPU
		{C7A4F25E-A718-40BF-9A15-D7908885DE1C}.Debug|Any CPU.ActiveCfg = Debug|Any CPU
		{C7A4F25E-A718-40BF-9A15-D7908885DE1C}.Debug|Any CPU.Build.0 = Debug|Any CPU
		{C7A4F25E-A718-40BF-9A15-D7908885DE1C}.Release|Any CPU.ActiveCfg = Release|Any CPU
		{C7A4F25E-A718-40BF-9A15-D7908885DE1C}.Release|Any CPU.Build.0 = Release|Any CPU
	EndGlobalSection
	GlobalSection(SolutionProperties) = preSolution
		HideSolutionNode = FALSE
	EndGlobalSection
	GlobalSection(ExtensibilityGlobals) = postSolution
		SolutionGuid = {F8A78F4A-C1EE-4A51-B6A2-38B7846F7807}
	EndGlobalSection
EndGlobal
